
Microsoft Visual Studio Solution File, Format Version 12.00
# Visual Studio Version 17
VisualStudioVersion = 17.4.33110.190
MinimumVisualStudioVersion = 10.0.40219.1
Project("{9A19103F-16F7-4668-BE54-9A1E7A4F7556}") = "Rocky", "Rocky\Rocky.csproj", "{955445EB-CE93-4C4E-BB78-AB8A8420B859}"
EndProject
Project("{2150E333-8FDC-42A3-9474-1A3956D46DE8}") = "Solution Items", "Solution Items", "{4ACEBA16-382C-4BC0-A671-C1B3BFBA5EEA}"
	ProjectSection(SolutionItems) = preProject
		.editorconfig = .editorconfig
	EndProjectSection
EndProject
Global
	GlobalSection(SolutionConfigurationPlatforms) = preSolution
		Debug|Any CPU = Debug|Any CPU
		Release|Any CPU = Release|Any CPU
	EndGlobalSection
	GlobalSection(ProjectConfigurationPlatforms) = postSolution
		{955445EB-CE93-4C4E-BB78-AB8A8420B859}.Debug|Any CPU.ActiveCfg = Debug|Any CPU
		{955445EB-CE93-4C4E-BB78-AB8A8420B859}.Debug|Any CPU.Build.0 = Debug|Any CPU
		{955445EB-CE93-4C4E-BB78-AB8A8420B859}.Release|Any CPU.ActiveCfg = Release|Any CPU
		{955445EB-CE93-4C4E-BB78-AB8A8420B859}.Release|Any CPU.Build.0 = Release|Any CPU
	EndGlobalSection
	GlobalSection(SolutionProperties) = preSolution
		HideSolutionNode = FALSE
	EndGlobalSection
	GlobalSection(ExtensibilityGlobals) = postSolution
		SolutionGuid = {1CC97156-EE0A-4E3C-BCB3-BB5E81CD50D6}
	EndGlobalSection
EndGlobal
